{
  "name": "e2e",
  "version": "1.0.0",
  "lockfileVersion": 3,
  "requires": true,
  "packages": {
    "": {
      "name": "e2e",
      "version": "1.0.0",
      "license": "ISC",
      "devDependencies": {
        "cypress": "^14.0.1"
      }
    },
    "@actbase/node-server,1.1.19": {
      "version": "1.1.19",
      "resolved": "https://registry.npmjs.org/@colors/colors/-/colors-1.5.0.tgz",
      "integrity": "sha512-ooWCrlZP11i8GImSjTHYHLkvFDP48nS4+204nGb1RiX/WXYHmJA2III9/e2DWVabCESdW7hBAEzHRqUn9OUVvQ==",
      "dev": true,
      "optional": true,
      "engines": {
        "node": ">=0.1.90"
      }
    },
    "@actbase/react-absolute": {
      "version": "0.8.3",
      "resolved": "https://registry.npmjs.org/@cypress/request/-/request-3.0.7.tgz",
      "integrity": "sha512-LzxlLEMbBOPYB85uXrDqvD4MgcenjRBLIns3zyhx7vTPj/0u2eQhzXvPiGcaJrV38Q9dbkExWp6cOHPJ+EtFYg==",
      "dev": true,
      "dependencies": {
        "aws-sign2": "~0.7.0",
        "aws4": "^1.8.0",
        "caseless": "~0.12.0",
        "combined-stream": "~1.0.6",
        "extend": "~3.0.2",
        "forever-agent": "~0.6.1",
        "form-data": "~4.0.0",
        "http-signature": "~1.4.0",
        "is-typedarray": "~1.0.0",
        "isstream": "~0.1.2",
        "json-stringify-safe": "~5.0.1",
        "mime-types": "~2.1.19",
        "performance-now": "^2.1.0",
        "qs": "6.13.1",
        "safe-buffer": "^5.1.2",
        "tough-cookie": "^5.0.0",
        "tunnel-agent": "^0.6.0",
        "uuid": "^8.3.2"
      },
      "engines": {
        "node": ">= 6"
      }
    },
    "@accordproject/concerto-linter-default-ruleset": {
      "version": "3.24.1",
      "resolved": "https://registry.npmjs.org/@cypress/xvfb/-/xvfb-1.2.4.tgz",
      "integrity": "sha512-skbBzPggOVYCbnGgV+0dmBdW/s77ZkAOXIC1knS8NagwDjBrNC1LuXtQJeiN6l+m7lzmHtaoUw/ctJKdqkG57Q==",
      "dev": true,
      "dependencies": {
        "debug": "^3.1.0",
        "lodash.once": "^4.1.1"
      }
    },
    "node_modules/@cypress/xvfb/node_modules/debug": {
      "version": "3.2.7",
      "resolved": "https://registry.npmjs.org/debug/-/debug-3.2.7.tgz",
      "integrity": "sha512-CFjzYYAi4ThfiQvizrFQevTTXHtnCqWfe7x1AhgEscTz6ZbLbfoLRLPugTQyBth6f8ZERVUSyWHFD/7Wu4t1XQ==",
      "dev": true,
      "dependencies": {
        "ms": "^2.1.1"
      }
    },
    "node_modules/@types/node": {
      "version": "22.12.0",
      "resolved": "https://registry.npmjs.org/@types/node/-/node-22.12.0.tgz",
      "integrity": "sha512-Fll2FZ1riMjNmlmJOdAyY5pUbkftXslB5DgEzlIuNaiWhXd00FhWxVC/r4yV/4wBb9JfImTu+jiSvXTkJ7F/gA==",
      "dev": true,
      "optional": true,
      "dependencies": {
        "undici-types": "~6.20.0"
      }
    },
    "node_modules/@types/sinonjs__fake-timers": {
      "version": "8.1.1",
      "resolved": "https://registry.npmjs.org/@types/sinonjs__fake-timers/-/sinonjs__fake-timers-8.1.1.tgz",
      "integrity": "sha512-0kSuKjAS0TrGLJ0M/+8MaFkGsQhZpB6pxOmvS3K8FYI72K//YmdfoW9X2qPsAKh1mkwxGD5zib9s1FIFed6E8g==",
      "dev": true
    },
    "node_modules/@types/sizzle": {
      "version": "2.3.9",
      "resolved": "https://registry.npmjs.org/@types/sizzle/-/sizzle-2.3.9.tgz",
      "integrity": "sha512-xzLEyKB50yqCUPUJkIsrVvoWNfFUbIZI+RspLWt8u+tIW/BetMBZtgV2LY/2o+tYH8dRvQ+eoPf3NdhQCcLE2w==",
      "dev": true
    },
    "node_modules/@types/yauzl": {
      "version": "2.10.3",
      "resolved": "https://registry.npmjs.org/@types/yauzl/-/yauzl-2.10.3.tgz",
      "integrity": "sha512-oJoftv0LSuaDZE3Le4DbKX+KS9G36NzOeSap90UIK0yMA/NhKJhqlSGtNDORNRaIbQfzjXDrQa0ytJ6mNRGz/Q==",
      "dev": true,
      "optional": true,
      "dependencies": {
        "@types/node": "*"
      }
    },
    "node_modules/aggregate-error": {
      "version": "3.1.0",
      "resolved": "https://registry.npmjs.org/aggregate-error/-/aggregate-error-3.1.0.tgz",
      "integrity": "sha512-4I7Td01quW/RpocfNayFdFVk1qSuoh0E7JrbRJ16nH01HhKFQ88INq9Sd+nd72zqRySlr9BmDA8xlEJ6vJMrYA==",
      "dev": true,
      "dependencies": {
        "clean-stack": "^2.0.0",
        "indent-string": "^4.0.0"
      },
      "engines": {
        "node": ">=8"
      }
    },
    "node_modules/ansi-colors": {
      "version": "4.1.3",
      "resolved": "https://registry.npmjs.org/ansi-colors/-/ansi-colors-4.1.3.tgz",
      "integrity": "sha512-/6w/C21Pm1A7aZitlI5Ni/2J6FFQN8i1Cvz3kHABAAbw93v/NlvKdVOqz7CCWz/3iv/JplRSEEZ83XION15ovw==",
      "dev": true,
      "engines": {
        "node": ">=6"
      }
    },
    "node_modules/ansi-escapes": {
      "version": "4.3.2",
      "resolved": "https://registry.npmjs.org/ansi-escapes/-/ansi-escapes-4.3.2.tgz",
      "integrity": "sha512-gKXj5ALrKWQLsYG9jlTRmR/xKluxHV+Z9QEwNIgCfM1/uwPMCuzVVnh5mwTd+OuBZcwSIMbqssNWRm1lE51QaQ==",
      "dev": true,
      "dependencies": {
        "type-fest": "^0.21.3"
      },
      "engines": {
        "node": ">=8"
      },
      "funding": {
        "url": "https://github.com/sponsors/sindresorhus"
      }
    },
    "node_modules/ansi-regex": {
      "version": "5.0.1",
      "resolved": "https://registry.npmjs.org/ansi-regex/-/ansi-regex-5.0.1.tgz",
      "integrity": "sha512-quJQXlTSUGL2LH9SUXo8VwsY4soanhgo6LNSm84E1LBcE8s3O0wpdiRzyR9z/ZZJMlMWv37qOOb9pdJlMUEKFQ==",
      "dev": true,
      "engines": {
        "node": ">=8"
      }
    }
  }
}
